<Solution>
  <Folder Name="/services/" />
  <Folder Name="/services/finance-service/">
    <Project Path="services/finance-service/FinanceService.csproj" />
  </Folder>
  <Folder Name="/services/order-service/">
    <Project Path="services/order-service/OrderService.csproj" />
    <Project Path="services/order-service.Tests/OrderService.Tests.csproj" />
  </Folder>
  <Folder Name="/services/recommendation-service/">
    <Project Path="services/recommendation-service/RecommendationService.csproj" />
  </Folder>
</Solution>
